
Microsoft Visual Studio Solution File, Format Version 12.00
# Visual Studio Version 17
VisualStudioVersion = 17.14.36212.18 d17.14
MinimumVisualStudioVersion = 10.0.40219.1
Project("{FAE04EC0-301F-11D3-BF4B-00C04F79EFBC}") = "PrimerInterfaz", "PrimerInterfaz\PrimerInterfaz.csproj", "{B94FE866-3D26-4924-A24D-A534A9C99945}"
EndProject
Global
	GlobalSection(SolutionConfigurationPlatforms) = preSolution
		Debug|Any CPU = Debug|Any CPU
		Release|Any CPU = Release|Any CPU
	EndGlobalSection
	GlobalSection(ProjectConfigurationPlatforms) = postSolution
		{B94FE866-3D26-4924-A24D-A534A9C99945}.Debug|Any CPU.ActiveCfg = Debug|Any CPU
		{B94FE866-3D26-4924-A24D-A534A9C99945}.Debug|Any CPU.Build.0 = Debug|Any CPU
		{B94FE866-3D26-4924-A24D-A534A9C99945}.Release|Any CPU.ActiveCfg = Release|Any CPU
		{B94FE866-3D26-4924-A24D-A534A9C99945}.Release|Any CPU.Build.0 = Release|Any CPU
	EndGlobalSection
	GlobalSection(SolutionProperties) = preSolution
		HideSolutionNode = FALSE
	EndGlobalSection
	GlobalSection(ExtensibilityGlobals) = postSolution
		SolutionGuid = {DD185518-0821-41DA-9F1D-B67834C01B3F}
	EndGlobalSection
EndGlobal
